
Microsoft Visual Studio Solution File, Format Version 12.00
# Visual Studio Version 16
VisualStudioVersion = 16.0.31105.61
MinimumVisualStudioVersion = 10.0.40219.1
Project("{FAE04EC0-301F-11D3-BF4B-00C04F79EFBC}") = "SHOP_Project", "SHOP_Project\SHOP_Project.csproj", "{07E8C642-CCC3-424F-A280-38C12C8DDDCA}"
EndProject
Global
	GlobalSection(SolutionConfigurationPlatforms) = preSolution
		Debug|Any CPU = Debug|Any CPU
		Release|Any CPU = Release|Any CPU
	EndGlobalSection
	GlobalSection(ProjectConfigurationPlatforms) = postSolution
		{07E8C642-CCC3-424F-A280-38C12C8DDDCA}.Debug|Any CPU.ActiveCfg = Debug|Any CPU
		{07E8C642-CCC3-424F-A280-38C12C8DDDCA}.Debug|Any CPU.Build.0 = Debug|Any CPU
		{07E8C642-CCC3-424F-A280-38C12C8DDDCA}.Release|Any CPU.ActiveCfg = Release|Any CPU
		{07E8C642-CCC3-424F-A280-38C12C8DDDCA}.Release|Any CPU.Build.0 = Release|Any CPU
	EndGlobalSection
	GlobalSection(SolutionProperties) = preSolution
		HideSolutionNode = FALSE
	EndGlobalSection
	GlobalSection(ExtensibilityGlobals) = postSolution
		SolutionGuid = {163822E5-E821-4FF2-8030-6F7D5779CA79}
	EndGlobalSection
EndGlobal
